// !$*UTF8*$!
{
	archiveVersion = 1;
	classes = {
	};
	objectVersion = 55;
	objects = {

/* Begin PBXBuildFile section */
		6C1353B427234A0700849002 /* AppDelegate.swift in Sources */ = {isa = PBXBuildFile; fileRef = 6C1353B327234A0700849002 /* AppDelegate.swift */; };
		6C1353B627234A0700849002 /* SceneDelegate.swift in Sources */ = {isa = PBXBuildFile; fileRef = 6C1353B527234A0700849002 /* SceneDelegate.swift */; };
		6C1353B827234A0700849002 /* ViewController.swift in Sources */ = {isa = PBXBuildFile; fileRef = 6C1353B727234A0700849002 /* ViewController.swift */; };
		6C1353BB27234A0700849002 /* Main.storyboard in Resources */ = {isa = PBXBuildFile; fileRef = 6C1353B927234A0700849002 /* Main.storyboard */; };
		6C1353BD27234A0800849002 /* Assets.xcassets in Resources */ = {isa = PBXBuildFile; fileRef = 6C1353BC27234A0800849002 /* Assets.xcassets */; };
		6C1353C027234A0800849002 /* LaunchScreen.storyboard in Resources */ = {isa = PBXBuildFile; fileRef = 6C1353BE27234A0800849002 /* LaunchScreen.storyboard */; };
		6C1353CB27234A0900849002 /* generar_QRTests.swift in Sources */ = {isa = PBXBuildFile; fileRef = 6C1353CA27234A0900849002 /* generar_QRTests.swift */; };
		6C1353D527234A0900849002 /* generar_QRUITests.swift in Sources */ = {isa = PBXBuildFile; fileRef = 6C1353D427234A0900849002 /* generar_QRUITests.swift */; };
		6C1353D727234A0900849002 /* generar_QRUITestsLaunchTests.swift in Sources */ = {isa = PBXBuildFile; fileRef = 6C1353D627234A0900849002 /* generar_QRUITestsLaunchTests.swift */; };
/* End PBXBuildFile section */

/* Begin PBXContainerItemProxy section */
		6C1353C727234A0900849002 /* PBXContainerItemProxy */ = {
			isa = PBXContainerItemProxy;
			containerPortal = 6C1353A827234A0700849002 /* Project object */;
			proxyType = 1;
			remoteGlobalIDString = 6C1353AF27234A0700849002;
			remoteInfo = generar_QR;
		};
		6C1353D127234A0900849002 /* PBXContainerItemProxy */ = {
			isa = PBXContainerItemProxy;
			containerPortal = 6C1353A827234A0700849002 /* Project object */;
			proxyType = 1;
			remoteGlobalIDString = 6C1353AF27234A0700849002;
			remoteInfo = generar_QR;
		};
/* End PBXContainerItemProxy section */

/* Begin PBXFileReference section */
		6C1353B027234A0700849002 /* generar_QR.app */ = {isa = PBXFileReference; explicitFileType = wrapper.application; includeInIndex = 0; path = generar_QR.app; sourceTree = BUILT_PRODUCTS_DIR; };
		6C1353B327234A0700849002 /* AppDelegate.swift */ = {isa = PBXFileReference; lastKnownFileType = sourcecode.swift; path = AppDelegate.swift; sourceTree = "<group>"; };
		6C1353B527234A0700849002 /* SceneDelegate.swift */ = {isa = PBXFileReference; lastKnownFileType = sourcecode.swift; path = SceneDelegate.swift; sourceTree = "<group>"; };
		6C1353B727234A0700849002 /* ViewController.swift */ = {isa = PBXFileReference; lastKnownFileType = sourcecode.swift; path = ViewController.swift; sourceTree = "<group>"; };
		6C1353BA27234A0700849002 /* Base */ = {isa = PBXFileReference; lastKnownFileType = file.storyboard; name = Base; path = Base.lproj/Main.storyboard; sourceTree = "<group>"; };
		6C1353BC27234A0800849002 /* Assets.xcassets */ = {isa = PBXFileReference; lastKnownFileType = folder.assetcatalog; path = Assets.xcassets; sourceTree = "<group>"; };
		6C1353BF27234A0800849002 /* Base */ = {isa = PBXFileReference; lastKnownFileType = file.storyboard; name = Base; path = Base.lproj/LaunchScreen.storyboard; sourceTree = "<group>"; };
		6C1353C127234A0800849002 /* Info.plist */ = {isa = PBXFileReference; lastKnownFileType = text.plist.xml; path = Info.plist; sourceTree = "<group>"; };
		6C1353C627234A0900849002 /* generar_QRTests.xctest */ = {isa = PBXFileReference; explicitFileType = wrapper.cfbundle; includeInIndex = 0; path = generar_QRTests.xctest; sourceTree = BUILT_PRODUCTS_DIR; };
		6C1353CA27234A0900849002 /* generar_QRTests.swift */ = {isa = PBXFileReference; lastKnownFileType = sourcecode.swift; path = generar_QRTests.swift; sourceTree = "<group>"; };
		6C1353D027234A0900849002 /* generar_QRUITests.xctest */ = {isa = PBXFileReference; explicitFileType = wrapper.cfbundle; includeInIndex = 0; path = generar_QRUITests.xctest; sourceTree = BUILT_PRODUCTS_DIR; };
		6C1353D427234A0900849002 /* generar_QRUITests.swift */ = {isa = PBXFileReference; lastKnownFileType = sourcecode.swift; path = generar_QRUITests.swift; sourceTree = "<group>"; };
		6C1353D627234A0900849002 /* generar_QRUITestsLaunchTests.swift */ = {isa = PBXFileReference; lastKnownFileType = sourcecode.swift; path = generar_QRUITestsLaunchTests.swift; sourceTree = "<group>"; };
/* End PBXFileReference section */

/* Begin PBXFrameworksBuildPhase section */
		6C1353AD27234A0700849002 /* Frameworks */ = {
			isa = PBXFrameworksBuildPhase;
			buildActionMask = 2147483647;
			files = (
			);
			runOnlyForDeploymentPostprocessing = 0;
		};
		6C1353C327234A0900849002 /* Frameworks */ = {
			isa = PBXFrameworksBuildPhase;
			buildActionMask = 2147483647;
			files = (
			);
			runOnlyForDeploymentPostprocessing = 0;
		};
		6C1353CD27234A0900849002 /* Frameworks */ = {
			isa = PBXFrameworksBuildPhase;
			buildActionMask = 2147483647;
			files = (
			);
			runOnlyForDeploymentPostprocessing = 0;
		};
/* End PBXFrameworksBuildPhase section */

/* Begin PBXGroup section */
		6C1353A727234A0700849002 = {
			isa = PBXGroup;
			children = (
				6C1353B227234A0700849002 /* generar_QR */,
				6C1353C927234A0900849002 /* generar_QRTests */,
				6C1353D327234A0900849002 /* generar_QRUITests */,
				6C1353B127234A0700849002 /* Products */,
			);
			sourceTree = "<group>";
		};
		6C1353B127234A0700849002 /* Products */ = {
			isa = PBXGroup;
			children = (
				6C1353B027234A0700849002 /* generar_QR.app */,
				6C1353C627234A0900849002 /* generar_QRTests.xctest */,
				6C1353D027234A0900849002 /* generar_QRUITests.xctest */,
			);
			name = Products;
			sourceTree = "<group>";
		};
		6C1353B227234A0700849002 /* generar_QR */ = {
			isa = PBXGroup;
			children = (
				6C1353B327234A0700849002 /* AppDelegate.swift */,
				6C1353B527234A0700849002 /* SceneDelegate.swift */,
				6C1353B727234A0700849002 /* ViewController.swift */,
				6C1353B927234A0700849002 /* Main.storyboard */,
				6C1353BC27234A0800849002 /* Assets.xcassets */,
				6C1353BE27234A0800849002 /* LaunchScreen.storyboard */,
				6C1353C127234A0800849002 /* Info.plist */,
			);
			path = generar_QR;
			sourceTree = "<group>";
		};
		6C1353C927234A0900849002 /* generar_QRTests */ = {
			isa = PBXGroup;
			children = (
				6C1353CA27234A0900849002 /* generar_QRTests.swift */,
			);
			path = generar_QRTests;
			sourceTree = "<group>";
		};
		6C1353D327234A0900849002 /* generar_QRUITests */ = {
			isa = PBXGroup;
			children = (
				6C1353D427234A0900849002 /* generar_QRUITests.swift */,
				6C1353D627234A0900849002 /* generar_QRUITestsLaunchTests.swift */,
			);
			path = generar_QRUITests;
			sourceTree = "<group>";
		};
/* End PBXGroup section */

/* Begin PBXNativeTarget section */
		6C1353AF27234A0700849002 /* generar_QR */ = {
			isa = PBXNativeTarget;
			buildConfigurationList = 6C1353DA27234A0900849002 /* Build configuration list for PBXNativeTarget "generar_QR" */;
			buildPhases = (
				6C1353AC27234A0700849002 /* Sources */,
				6C1353AD27234A0700849002 /* Frameworks */,
				6C1353AE27234A0700849002 /* Resources */,
			);
			buildRules = (
			);
			dependencies = (
			);
			name = generar_QR;
			productName = generar_QR;
			productReference = 6C1353B027234A0700849002 /* generar_QR.app */;
			productType = "com.apple.product-type.application";
		};
		6C1353C527234A0900849002 /* generar_QRTests */ = {
			isa = PBXNativeTarget;
			buildConfigurationList = 6C1353DD27234A0900849002 /* Build configuration list for PBXNativeTarget "generar_QRTests" */;
			buildPhases = (
				6C1353C227234A0900849002 /* Sources */,
				6C1353C327234A0900849002 /* Frameworks */,
				6C1353C427234A0900849002 /* Resources */,
			);
			buildRules = (
			);
			dependencies = (
				6C1353C827234A0900849002 /* PBXTargetDependency */,
			);
			name = generar_QRTests;
			productName = generar_QRTests;
			productReference = 6C1353C627234A0900849002 /* generar_QRTests.xctest */;
			productType = "com.apple.product-type.bundle.unit-test";
		};
		6C1353CF27234A0900849002 /* generar_QRUITests */ = {
			isa = PBXNativeTarget;
			buildConfigurationList = 6C1353E027234A0900849002 /* Build configuration list for PBXNativeTarget "generar_QRUITests" */;
			buildPhases = (
				6C1353CC27234A0900849002 /* Sources */,
				6C1353CD27234A0900849002 /* Frameworks */,
				6C1353CE27234A0900849002 /* Resources */,
			);
			buildRules = (
			);
			dependencies = (
				6C1353D227234A0900849002 /* PBXTargetDependency */,
			);
			name = generar_QRUITests;
			productName = generar_QRUITests;
			productReference = 6C1353D027234A0900849002 /* generar_QRUITests.xctest */;
			productType = "com.apple.product-type.bundle.ui-testing";
		};
/* End PBXNativeTarget section */

/* Begin PBXProject section */
		6C1353A827234A0700849002 /* Project object */ = {
			isa = PBXProject;
			attributes = {
				BuildIndependentTargetsInParallel = 1;
				LastSwiftUpdateCheck = 1300;
				LastUpgradeCheck = 1300;
				TargetAttributes = {
					6C1353AF27234A0700849002 = {
						CreatedOnToolsVersion = 13.0;
					};
					6C1353C527234A0900849002 = {
						CreatedOnToolsVersion = 13.0;
						TestTargetID = 6C1353AF27234A0700849002;
					};
					6C1353CF27234A0900849002 = {
						CreatedOnToolsVersion = 13.0;
						TestTargetID = 6C1353AF27234A0700849002;
					};
				};
			};
			buildConfigurationList = 6C1353AB27234A0700849002 /* Build configuration list for PBXProject "generar_QR" */;
			compatibilityVersion = "Xcode 13.0";
			developmentRegion = en;
			hasScannedForEncodings = 0;
			knownRegions = (
				en,
				Base,
			);
			mainGroup = 6C1353A727234A0700849002;
			productRefGroup = 6C1353B127234A0700849002 /* Products */;
			projectDirPath = "";
			projectRoot = "";
			targets = (
				6C1353AF27234A0700849002 /* generar_QR */,
				6C1353C527234A0900849002 /* generar_QRTests */,
				6C1353CF27234A0900849002 /* generar_QRUITests */,
			);
		};
/* End PBXProject section */

/* Begin PBXResourcesBuildPhase section */
		6C1353AE27234A0700849002 /* Resources */ = {
			isa = PBXResourcesBuildPhase;
			buildActionMask = 2147483647;
			files = (
				6C1353C027234A0800849002 /* LaunchScreen.storyboard in Resources */,
				6C1353BD27234A0800849002 /* Assets.xcassets in Resources */,
				6C1353BB27234A0700849002 /* Main.storyboard in Resources */,
			);
			runOnlyForDeploymentPostprocessing = 0;
		};
		6C1353C427234A0900849002 /* Resources */ = {
			isa = PBXResourcesBuildPhase;
			buildActionMask = 2147483647;
			files = (
			);
			runOnlyForDeploymentPostprocessing = 0;
		};
		6C1353CE27234A0900849002 /* Resources */ = {
			isa = PBXResourcesBuildPhase;
			buildActionMask = 2147483647;
			files = (
			);
			runOnlyForDeploymentPostprocessing = 0;
		};
/* End PBXResourcesBuildPhase section */

/* Begin PBXSourcesBuildPhase section */
		6C1353AC27234A0700849002 /* Sources */ = {
			isa = PBXSourcesBuildPhase;
			buildActionMask = 2147483647;
			files = (
				6C1353B827234A0700849002 /* ViewController.swift in Sources */,
				6C1353B427234A0700849002 /* AppDelegate.swift in Sources */,
				6C1353B627234A0700849002 /* SceneDelegate.swift in Sources */,
			);
			runOnlyForDeploymentPostprocessing = 0;
		};
		6C1353C227234A0900849002 /* Sources */ = {
			isa = PBXSourcesBuildPhase;
			buildActionMask = 2147483647;
			files = (
				6C1353CB27234A0900849002 /* generar_QRTests.swift in Sources */,
			);
			runOnlyForDeploymentPostprocessing = 0;
		};
		6C1353CC27234A0900849002 /* Sources */ = {
			isa = PBXSourcesBuildPhase;
			buildActionMask = 2147483647;
			files = (
				6C1353D727234A0900849002 /* generar_QRUITestsLaunchTests.swift in Sources */,
				6C1353D527234A0900849002 /* generar_QRUITests.swift in Sources */,
			);
			runOnlyForDeploymentPostprocessing = 0;
		};
/* End PBXSourcesBuildPhase section */

/* Begin PBXTargetDependency section */
		6C1353C827234A0900849002 /* PBXTargetDependency */ = {
			isa = PBXTargetDependency;
			target = 6C1353AF27234A0700849002 /* generar_QR */;
			targetProxy = 6C1353C727234A0900849002 /* PBXContainerItemProxy */;
		};
		6C1353D227234A0900849002 /* PBXTargetDependency */ = {
			isa = PBXTargetDependency;
			target = 6C1353AF27234A0700849002 /* generar_QR */;
			targetProxy = 6C1353D127234A0900849002 /* PBXContainerItemProxy */;
		};
/* End PBXTargetDependency section */

/* Begin PBXVariantGroup section */
		6C1353B927234A0700849002 /* Main.storyboard */ = {
			isa = PBXVariantGroup;
			children = (
				6C1353BA27234A0700849002 /* Base */,
			);
			name = Main.storyboard;
			sourceTree = "<group>";
		};
		6C1353BE27234A0800849002 /* LaunchScreen.storyboard */ = {
			isa = PBXVariantGroup;
			children = (
				6C1353BF27234A0800849002 /* Base */,
			);
			name = LaunchScreen.storyboard;
			sourceTree = "<group>";
		};
/* End PBXVariantGroup section */

/* Begin XCBuildConfiguration section */
		6C1353D827234A0900849002 /* Debug */ = {
			isa = XCBuildConfiguration;
			buildSettings = {
				ALWAYS_SEARCH_USER_PATHS = NO;
				CLANG_ANALYZER_NONNULL = YES;
				CLANG_ANALYZER_NUMBER_OBJECT_CONVERSION = YES_AGGRESSIVE;
				CLANG_CXX_LANGUAGE_STANDARD = "gnu++17";
				CLANG_CXX_LIBRARY = "libc++";
				CLANG_ENABLE_MODULES = YES;
				CLANG_ENABLE_OBJC_ARC = YES;
				CLANG_ENABLE_OBJC_WEAK = YES;
				CLANG_WARN_BLOCK_CAPTURE_AUTORELEASING = YES;
				CLANG_WARN_BOOL_CONVERSION = YES;
				CLANG_WARN_COMMA = YES;
				CLANG_WARN_CONSTANT_CONVERSION = YES;
				CLANG_WARN_DEPRECATED_OBJC_IMPLEMENTATIONS = YES;
				CLANG_WARN_DIRECT_OBJC_ISA_USAGE = YES_ERROR;
				CLANG_WARN_DOCUMENTATION_COMMENTS = YES;
				CLANG_WARN_EMPTY_BODY = YES;
				CLANG_WARN_ENUM_CONVERSION = YES;
				CLANG_WARN_INFINITE_RECURSION = YES;
				CLANG_WARN_INT_CONVERSION = YES;
				CLANG_WARN_NON_LITERAL_NULL_CONVERSION = YES;
				CLANG_WARN_OBJC_IMPLICIT_RETAIN_SELF = YES;
				CLANG_WARN_OBJC_LITERAL_CONVERSION = YES;
				CLANG_WARN_OBJC_ROOT_CLASS = YES_ERROR;
				CLANG_WARN_QUOTED_INCLUDE_IN_FRAMEWORK_HEADER = YES;
				CLANG_WARN_RANGE_LOOP_ANALYSIS = YES;
				CLANG_WARN_STRICT_PROTOTYPES = YES;
				CLANG_WARN_SUSPICIOUS_MOVE = YES;
				CLANG_WARN_UNGUARDED_AVAILABILITY = YES_AGGRESSIVE;
				CLANG_WARN_UNREACHABLE_CODE = YES;
				CLANG_WARN__DUPLICATE_METHOD_MATCH = YES;
				COPY_PHASE_STRIP = NO;
				DEBUG_INFORMATION_FORMAT = dwarf;
				ENABLE_STRICT_OBJC_MSGSEND = YES;
				ENABLE_TESTABILITY = YES;
				GCC_C_LANGUAGE_STANDARD = gnu11;
				GCC_DYNAMIC_NO_PIC = NO;
				GCC_NO_COMMON_BLOCKS = YES;
				GCC_OPTIMIZATION_LEVEL = 0;
				GCC_PREPROCESSOR_DEFINITIONS = (
					"DEBUG=1",
					"$(inherited)",
				);
				GCC_WARN_64_TO_32_BIT_CONVERSION = YES;
				GCC_WARN_ABOUT_RETURN_TYPE = YES_ERROR;
				GCC_WARN_UNDECLARED_SELECTOR = YES;
				GCC_WARN_UNINITIALIZED_AUTOS = YES_AGGRESSIVE;
				GCC_WARN_UNUSED_FUNCTION = YES;
				GCC_WARN_UNUSED_VARIABLE = YES;
				IPHONEOS_DEPLOYMENT_TARGET = 15.0;
				MTL_ENABLE_DEBUG_INFO = INCLUDE_SOURCE;
				MTL_FAST_MATH = YES;
				ONLY_ACTIVE_ARCH = YES;
				SDKROOT = iphoneos;
				SWIFT_ACTIVE_COMPILATION_CONDITIONS = DEBUG;
				SWIFT_OPTIMIZATION_LEVEL = "-Onone";
			};
			name = Debug;
		};
		6C1353D927234A0900849002 /* Release */ = {
			isa = XCBuildConfiguration;
			buildSettings = {
				ALWAYS_SEARCH_USER_PATHS = NO;
				CLANG_ANALYZER_NONNULL = YES;
				CLANG_ANALYZER_NUMBER_OBJECT_CONVERSION = YES_AGGRESSIVE;
				CLANG_CXX_LANGUAGE_STANDARD = "gnu++17";
				CLANG_CXX_LIBRARY = "libc++";
				CLANG_ENABLE_MODULES = YES;
				CLANG_ENABLE_OBJC_ARC = YES;
				CLANG_ENABLE_OBJC_WEAK = YES;
				CLANG_WARN_BLOCK_CAPTURE_AUTORELEASING = YES;
				CLANG_WARN_BOOL_CONVERSION = YES;
				CLANG_WARN_COMMA = YES;
				CLANG_WARN_CONSTANT_CONVERSION = YES;
				CLANG_WARN_DEPRECATED_OBJC_IMPLEMENTATIONS = YES;
				CLANG_WARN_DIRECT_OBJC_ISA_USAGE = YES_ERROR;
				CLANG_WARN_DOCUMENTATION_COMMENTS = YES;
				CLANG_WARN_EMPTY_BODY = YES;
				CLANG_WARN_ENUM_CONVERSION = YES;
				CLANG_WARN_INFINITE_RECURSION = YES;
				CLANG_WARN_INT_CONVERSION = YES;
				CLANG_WARN_NON_LITERAL_NULL_CONVERSION = YES;
				CLANG_WARN_OBJC_IMPLICIT_RETAIN_SELF = YES;
				CLANG_WARN_OBJC_LITERAL_CONVERSION = YES;
				CLANG_WARN_OBJC_ROOT_CLASS = YES_ERROR;
				CLANG_WARN_QUOTED_INCLUDE_IN_FRAMEWORK_HEADER = YES;
				CLANG_WARN_RANGE_LOOP_ANALYSIS = YES;
				CLANG_WARN_STRICT_PROTOTYPES = YES;
				CLANG_WARN_SUSPICIOUS_MOVE = YES;
				CLANG_WARN_UNGUARDED_AVAILABILITY = YES_AGGRESSIVE;
				CLANG_WARN_UNREACHABLE_CODE = YES;
				CLANG_WARN__DUPLICATE_METHOD_MATCH = YES;
				COPY_PHASE_STRIP = NO;
				DEBUG_INFORMATION_FORMAT = "dwarf-with-dsym";
				ENABLE_NS_ASSERTIONS = NO;
				ENABLE_STRICT_OBJC_MSGSEND = YES;
				GCC_C_LANGUAGE_STANDARD = gnu11;
				GCC_NO_COMMON_BLOCKS = YES;
				GCC_WARN_64_TO_32_BIT_CONVERSION = YES;
				GCC_WARN_ABOUT_RETURN_TYPE = YES_ERROR;
				GCC_WARN_UNDECLARED_SELECTOR = YES;
				GCC_WARN_UNINITIALIZED_AUTOS = YES_AGGRESSIVE;
				GCC_WARN_UNUSED_FUNCTION = YES;
				GCC_WARN_UNUSED_VARIABLE = YES;
				IPHONEOS_DEPLOYMENT_TARGET = 15.0;
				MTL_ENABLE_DEBUG_INFO = NO;
				MTL_FAST_MATH = YES;
				SDKROOT = iphoneos;
				SWIFT_COMPILATION_MODE = wholemodule;
				SWIFT_OPTIMIZATION_LEVEL = "-O";
				VALIDATE_PRODUCT = YES;
			};
			name = Release;
		};
		6C1353DB27234A0900849002 /* Debug */ = {
			isa = XCBuildConfiguration;
			buildSettings = {
				ASSETCATALOG_COMPILER_APPICON_NAME = AppIcon;
				ASSETCATALOG_COMPILER_GLOBAL_ACCENT_COLOR_NAME = AccentColor;
				CODE_SIGN_STYLE = Automatic;
				CURRENT_PROJECT_VERSION = 1;
				DEVELOPMENT_TEAM = 6Y2W9GR2B7;
				GENERATE_INFOPLIST_FILE = YES;
				INFOPLIST_FILE = generar_QR/Info.plist;
				INFOPLIST_KEY_UIApplicationSupportsIndirectInputEvents = YES;
				INFOPLIST_KEY_UILaunchStoryboardName = LaunchScreen;
				INFOPLIST_KEY_UIMainStoryboardFile = Main;
				INFOPLIST_KEY_UISupportedInterfaceOrientations_iPad = "UIInterfaceOrientationPortrait UIInterfaceOrientationPortraitUpsideDown UIInterfaceOrientationLandscapeLeft UIInterfaceOrientationLandscapeRight";
				INFOPLIST_KEY_UISupportedInterfaceOrientations_iPhone = "UIInterfaceOrientationPortrait UIInterfaceOrientationLandscapeLeft UIInterfaceOrientationLandscapeRight";
				LD_RUNPATH_SEARCH_PATHS = (
					"$(inherited)",
					"@executable_path/Frameworks",
				);
				MARKETING_VERSION = 1.0;
				PRODUCT_BUNDLE_IDENTIFIER = "com.ramoscorp.generar-QR";
				PRODUCT_NAME = "$(TARGET_NAME)";
				SWIFT_EMIT_LOC_STRINGS = YES;
				SWIFT_VERSION = 5.0;
				TARGETED_DEVICE_FAMILY = "1,2";
			};
			name = Debug;
		};
		6C1353DC27234A0900849002 /* Release */ = {
			isa = XCBuildConfiguration;
			buildSettings = {
				ASSETCATALOG_COMPILER_APPICON_NAME = AppIcon;
				ASSETCATALOG_COMPILER_GLOBAL_ACCENT_COLOR_NAME = AccentColor;
				CODE_SIGN_STYLE = Automatic;
				CURRENT_PROJECT_VERSION = 1;
				DEVELOPMENT_TEAM = 6Y2W9GR2B7;
				GENERATE_INFOPLIST_FILE = YES;
				INFOPLIST_FILE = generar_QR/Info.plist;
				INFOPLIST_KEY_UIApplicationSupportsIndirectInputEvents = YES;
				INFOPLIST_KEY_UILaunchStoryboardName = LaunchScreen;
				INFOPLIST_KEY_UIMainStoryboardFile = Main;
				INFOPLIST_KEY_UISupportedInterfaceOrientations_iPad = "UIInterfaceOrientationPortrait UIInterfaceOrientationPortraitUpsideDown UIInterfaceOrientationLandscapeLeft UIInterfaceOrientationLandscapeRight";
				INFOPLIST_KEY_UISupportedInterfaceOrientations_iPhone = "UIInterfaceOrientationPortrait UIInterfaceOrientationLandscapeLeft UIInterfaceOrientationLandscapeRight";
				LD_RUNPATH_SEARCH_PATHS = (
					"$(inherited)",
					"@executable_path/Frameworks",
				);
				MARKETING_VERSION = 1.0;
				PRODUCT_BUNDLE_IDENTIFIER = "com.ramoscorp.generar-QR";
				PRODUCT_NAME = "$(TARGET_NAME)";
				SWIFT_EMIT_LOC_STRINGS = YES;
				SWIFT_VERSION = 5.0;
				TARGETED_DEVICE_FAMILY = "1,2";
			};
			name = Release;
		};
		6C1353DE27234A0900849002 /* Debug */ = {
			isa = XCBuildConfiguration;
			buildSettings = {
				ALWAYS_EMBED_SWIFT_STANDARD_LIBRARIES = YES;
				BUNDLE_LOADER = "$(TEST_HOST)";
				CODE_SIGN_STYLE = Automatic;
				CURRENT_PROJECT_VERSION = 1;
				DEVELOPMENT_TEAM = 6Y2W9GR2B7;
				GENERATE_INFOPLIST_FILE = YES;
				IPHONEOS_DEPLOYMENT_TARGET = 15.0;
				LD_RUNPATH_SEARCH_PATHS = (
					"$(inherited)",
					"@executable_path/Frameworks",
					"@loader_path/Frameworks",
				);
				MARKETING_VERSION = 1.0;
				PRODUCT_BUNDLE_IDENTIFIER = "com.ramoscorp.generar-QRTests";
				PRODUCT_NAME = "$(TARGET_NAME)";
				SWIFT_EMIT_LOC_STRINGS = NO;
				SWIFT_VERSION = 5.0;
				TARGETED_DEVICE_FAMILY = "1,2";
				TEST_HOST = "$(BUILT_PRODUCTS_DIR)/generar_QR.app/generar_QR";
			};
			name = Debug;
		};
		6C1353DF27234A0900849002 /* Release */ = {
			isa = XCBuildConfiguration;
			buildSettings = {
				ALWAYS_EMBED_SWIFT_STANDARD_LIBRARIES = YES;
				BUNDLE_LOADER = "$(TEST_HOST)";
				CODE_SIGN_STYLE = Automatic;
				CURRENT_PROJECT_VERSION = 1;
				DEVELOPMENT_TEAM = 6Y2W9GR2B7;
				GENERATE_INFOPLIST_FILE = YES;
				IPHONEOS_DEPLOYMENT_TARGET = 15.0;
				LD_RUNPATH_SEARCH_PATHS = (
					"$(inherited)",
					"@executable_path/Frameworks",
					"@loader_path/Frameworks",
				);
				MARKETING_VERSION = 1.0;
				PRODUCT_BUNDLE_IDENTIFIER = "com.ramoscorp.generar-QRTests";
				PRODUCT_NAME = "$(TARGET_NAME)";
				SWIFT_EMIT_LOC_STRINGS = NO;
				SWIFT_VERSION = 5.0;
				TARGETED_DEVICE_FAMILY = "1,2";
				TEST_HOST = "$(BUILT_PRODUCTS_DIR)/generar_QR.app/generar_QR";
			};
			name = Release;
		};
		6C1353E127234A0900849002 /* Debug */ = {
			isa = XCBuildConfiguration;
			buildSettings = {
				ALWAYS_EMBED_SWIFT_STANDARD_LIBRARIES = YES;
				CODE_SIGN_STYLE = Automatic;
				CURRENT_PROJECT_VERSION = 1;
				DEVELOPMENT_TEAM = 6Y2W9GR2B7;
				GENERATE_INFOPLIST_FILE = YES;
				LD_RUNPATH_SEARCH_PATHS = (
					"$(inherited)",
					"@executable_path/Frameworks",
					"@loader_path/Frameworks",
				);
				MARKETING_VERSION = 1.0;
				PRODUCT_BUNDLE_IDENTIFIER = "com.ramoscorp.generar-QRUITests";
				PRODUCT_NAME = "$(TARGET_NAME)";
				SWIFT_EMIT_LOC_STRINGS = NO;
				SWIFT_VERSION = 5.0;
				TARGETED_DEVICE_FAMILY = "1,2";
				TEST_TARGET_NAME = generar_QR;
			};
			name = Debug;
		};
		6C1353E227234A0900849002 /* Release */ = {
			isa = XCBuildConfiguration;
			buildSettings = {
				ALWAYS_EMBED_SWIFT_STANDARD_LIBRARIES = YES;
				CODE_SIGN_STYLE = Automatic;
				CURRENT_PROJECT_VERSION = 1;
				DEVELOPMENT_TEAM = 6Y2W9GR2B7;
				GENERATE_INFOPLIST_FILE = YES;
				LD_RUNPATH_SEARCH_PATHS = (
					"$(inherited)",
					"@executable_path/Frameworks",
					"@loader_path/Frameworks",
				);
				MARKETING_VERSION = 1.0;
				PRODUCT_BUNDLE_IDENTIFIER = "com.ramoscorp.generar-QRUITests";
				PRODUCT_NAME = "$(TARGET_NAME)";
				SWIFT_EMIT_LOC_STRINGS = NO;
				SWIFT_VERSION = 5.0;
				TARGETED_DEVICE_FAMILY = "1,2";
				TEST_TARGET_NAME = generar_QR;
			};
			name = Release;
		};
/* End XCBuildConfiguration section */

/* Begin XCConfigurationList section */
		6C1353AB27234A0700849002 /* Build configuration list for PBXProject "generar_QR" */ = {
			isa = XCConfigurationList;
			buildConfigurations = (
				6C1353D827234A0900849002 /* Debug */,
				6C1353D927234A0900849002 /* Release */,
			);
			defaultConfigurationIsVisible = 0;
			defaultConfigurationName = Release;
		};
		6C1353DA27234A0900849002 /* Build configuration list for PBXNativeTarget "generar_QR" */ = {
			isa = XCConfigurationList;
			buildConfigurations = (
				6C1353DB27234A0900849002 /* Debug */,
				6C1353DC27234A0900849002 /* Release */,
			);
			defaultConfigurationIsVisible = 0;
			defaultConfigurationName = Release;
		};
		6C1353DD27234A0900849002 /* Build configuration list for PBXNativeTarget "generar_QRTests" */ = {
			isa = XCConfigurationList;
			buildConfigurations = (
				6C1353DE27234A0900849002 /* Debug */,
				6C1353DF27234A0900849002 /* Release */,
			);
			defaultConfigurationIsVisible = 0;
			defaultConfigurationName = Release;
		};
		6C1353E027234A0900849002 /* Build configuration list for PBXNativeTarget "generar_QRUITests" */ = {
			isa = XCConfigurationList;
			buildConfigurations = (
				6C1353E127234A0900849002 /* Debug */,
				6C1353E227234A0900849002 /* Release */,
			);
			defaultConfigurationIsVisible = 0;
			defaultConfigurationName = Release;
		};
/* End XCConfigurationList section */
	};
	rootObject = 6C1353A827234A0700849002 /* Project object */;
}
